
Microsoft Visual Studio Solution File, Format Version 12.00
# Visual Studio Version 17
VisualStudioVersion = 17.0.31903.59
MinimumVisualStudioVersion = 10.0.40219.1
Project("{9A19103F-16F7-4668-BE54-9A1E7A4F7556}") = "PetFamily.API", "src\PetFamily.API\PetFamily.API.csproj", "{3E97EABA-7807-4C8B-9B4C-C1EA74CCF4B2}"
EndProject
Project("{2150E333-8FDC-42A3-9474-1A3956D46DE8}") = "Solution Items", "Solution Items", "{C82107D0-0B8C-40F1-9A45-3B1DF3D81469}"
	ProjectSection(SolutionItems) = preProject
		docker-compose.yml = docker-compose.yml
	EndProjectSection
EndProject
Project("{9A19103F-16F7-4668-BE54-9A1E7A4F7556}") = "PetFamily.Accounts.Domain", "src\Accounts\PetFamily.Accounts.Domain\PetFamily.Accounts.Domain.csproj", "{31F4987C-267B-4353-B85E-9171F730948B}"
EndProject
Project("{9A19103F-16F7-4668-BE54-9A1E7A4F7556}") = "PetFamily.Accounts.Application", "src\Accounts\PetFamily.Accounts.Application\PetFamily.Accounts.Application.csproj", "{044A9C6D-750D-4D0E-8294-3B032BA79528}"
EndProject
Project("{9A19103F-16F7-4668-BE54-9A1E7A4F7556}") = "PetFamily.Accounts.Infrastructure", "src\Accounts\PetFamily.Accounts.Infrastructure\PetFamily.Accounts.Infrastructure.csproj", "{9956AB71-DA2A-487F-B5E1-6B8C252BEFB5}"
EndProject
Project("{9A19103F-16F7-4668-BE54-9A1E7A4F7556}") = "PetFamily.Accounts.Presentation", "src\Accounts\PetFamily.Accounts.Presentation\PetFamily.Accounts.Presentation.csproj", "{8A073093-863D-4B03-A84F-0C70C92D40F9}"
EndProject
Project("{9A19103F-16F7-4668-BE54-9A1E7A4F7556}") = "PetFamily.Core", "src\Shared\PetFamily.Core\PetFamily.Core.csproj", "{D51F9213-F3D2-43EB-96C8-2AA0D64474BB}"
EndProject
Project("{9A19103F-16F7-4668-BE54-9A1E7A4F7556}") = "PetFamily.SharedKernel", "src\Shared\PetFamily.SharedKernel\PetFamily.SharedKernel.csproj", "{D0E6BA47-5553-4A47-A3FF-6969A95B3B41}"
EndProject
Project("{9A19103F-16F7-4668-BE54-9A1E7A4F7556}") = "PetFamily.Framework", "PetFamily.Framework\PetFamily.Framework.csproj", "{1463027F-BDEB-47D2-950F-0A0276804A85}"
EndProject
Project("{9A19103F-16F7-4668-BE54-9A1E7A4F7556}") = "PetFamily.Volunteers.Domain", "src\Volunteers\PetFamily.Volunteers.Domain\PetFamily.Volunteers.Domain.csproj", "{B2E81750-AD1F-4F4B-90C9-58D4C6B5806B}"
EndProject
Project("{9A19103F-16F7-4668-BE54-9A1E7A4F7556}") = "PetFamily.Volunteers.Infrastructure", "src\Volunteers\PetFamily.Volunteers.Infrastructure\PetFamily.Volunteers.Infrastructure.csproj", "{5AE461C1-8938-4759-88B0-EB9DA1933DC7}"
	ProjectSection(ProjectDependencies) = postProject
		{1405ADB3-5063-4A25-8D72-629EA0ED0951} = {1405ADB3-5063-4A25-8D72-629EA0ED0951}
	EndProjectSection
EndProject
Project("{9A19103F-16F7-4668-BE54-9A1E7A4F7556}") = "PetFamily.Volunteers.Application", "src\Volunteers\PetFamily.Volunteers.Application\PetFamily.Volunteers.Application.csproj", "{1405ADB3-5063-4A25-8D72-629EA0ED0951}"
	ProjectSection(ProjectDependencies) = postProject
		{B2E81750-AD1F-4F4B-90C9-58D4C6B5806B} = {B2E81750-AD1F-4F4B-90C9-58D4C6B5806B}
		{D51F9213-F3D2-43EB-96C8-2AA0D64474BB} = {D51F9213-F3D2-43EB-96C8-2AA0D64474BB}
	EndProjectSection
EndProject
Project("{9A19103F-16F7-4668-BE54-9A1E7A4F7556}") = "PetFamily.Volunteers.Presentation", "src\Volunteers\PetFamily.Volunteers.Presentation\PetFamily.Volunteers.Presentation.csproj", "{923F4540-F113-45F5-95BF-74F3FC8610A1}"
EndProject
Project("{9A19103F-16F7-4668-BE54-9A1E7A4F7556}") = "PetFamily.Volunteers.Contracts", "src\Volunteers\PetFamily.Volunteers.Contracts\PetFamily.Volunteers.Contracts.csproj", "{829F82F0-2ECE-4EC1-A9D8-227FDF5833D3}"
EndProject
Project("{9A19103F-16F7-4668-BE54-9A1E7A4F7556}") = "PetFamily.Species.Domain", "src\Species\PetFamily.Species.Domain\PetFamily.Species.Domain.csproj", "{9FBCF521-489B-47E9-A462-6FDB3DB8BB11}"
EndProject
Project("{9A19103F-16F7-4668-BE54-9A1E7A4F7556}") = "PetFamily.Species.Infrastructure", "src\Species\PetFamily.Species.Infrastructure\PetFamily.Species.Infrastructure.csproj", "{E9DBB439-7E5A-4300-B331-7014B8B585B4}"
EndProject
Project("{9A19103F-16F7-4668-BE54-9A1E7A4F7556}") = "PetFamily.Species.Application", "src\Species\PetFamily.Species.Application\PetFamily.Species.Application.csproj", "{A715B9B0-8C46-46DF-A0EE-E2DFABBD7AF4}"
EndProject
Project("{9A19103F-16F7-4668-BE54-9A1E7A4F7556}") = "PetFamily.Species.Presentation", "src\Species\PetFamily.Species.Presentation\PetFamily.Species.Presentation.csproj", "{7A3E7851-CEB3-40DF-9F8C-F9ECEC45E53A}"
EndProject
Project("{9A19103F-16F7-4668-BE54-9A1E7A4F7556}") = "PetFamily.Species.Contracts", "src\Species\PetFamily.Species.Contracts\PetFamily.Species.Contracts.csproj", "{3B9AB529-CD64-4CCF-ACB3-4509D789A1F1}"
EndProject
Project("{2150E333-8FDC-42A3-9474-1A3956D46DE8}") = "Элементы решения", "Элементы решения", "{8DF51A3D-D300-47BB-B622-EED2F9ED15B4}"
EndProject
Project("{9A19103F-16F7-4668-BE54-9A1E7A4F7556}") = "PetFamily.Accounts.Contracts", "src\Accounts\PetFamily.Accounts.Contracts\PetFamily.Accounts.Contracts.csproj", "{2FE6C1FF-5F54-47D7-B6D7-A29755E7F589}"
EndProject
Project("{FAE04EC0-301F-11D3-BF4B-00C04F79EFBC}") = "PetFamily.VolunteerRequest.Domain", "VolunteerRequest\PetFamily.VolunteerRequest.Domain\PetFamily.VolunteerRequest.Domain.csproj", "{3174115E-6414-4E34-985E-E530C8815A2D}"
EndProject
Project("{FAE04EC0-301F-11D3-BF4B-00C04F79EFBC}") = "PetFamily.VolunteerRequest.Infrastructure", "VolunteerRequest\PetFamily.VolunteerRequest.Infrastructure\PetFamily.VolunteerRequest.Infrastructure.csproj", "{C7E73D4F-7945-4589-8A54-E44F25B7D71A}"
EndProject
Project("{FAE04EC0-301F-11D3-BF4B-00C04F79EFBC}") = "PetFamily.VolunteerRequest.Application", "VolunteerRequest\PetFamily.VolunteerRequest.Application\PetFamily.VolunteerRequest.Application.csproj", "{95CC936D-11CF-499C-BB92-01E01EFFDA51}"
EndProject
Project("{FAE04EC0-301F-11D3-BF4B-00C04F79EFBC}") = "PetFamily.VolunteerRequest.Contracts", "VolunteerRequest\PetFamily.VolunteerRequest.Contracts\PetFamily.VolunteerRequest.Contracts.csproj", "{5DDB8342-7CED-43FA-A7DA-55651ABF3BDA}"
EndProject
Project("{FAE04EC0-301F-11D3-BF4B-00C04F79EFBC}") = "PetFamily.VolunteerRequest.Presentation", "VolunteerRequest\PetFamily.VolunteerRequest.Presentation\PetFamily.VolunteerRequest.Presentation.csproj", "{BD285922-B9AB-4256-AC62-BFC5435E88FF}"
EndProject
Project("{FAE04EC0-301F-11D3-BF4B-00C04F79EFBC}") = "PetFamily.Tests.Volunteers.Domain", "src\tests\PetFamily.Tests.Volunteers.Domain\PetFamily.Tests.Volunteers.Domain.csproj", "{671E5457-F88F-4879-B3B3-519EC78658E8}"
EndProject
Project("{FAE04EC0-301F-11D3-BF4B-00C04F79EFBC}") = "PetFamily.Tests.Volunteers.Application", "src\tests\PetFamily.Tests.Volunteers.Application\PetFamily.Tests.Volunteers.Application.csproj", "{455AD4DB-3946-453E-BFD2-E9A627596150}"
EndProject
Project("{FAE04EC0-301F-11D3-BF4B-00C04F79EFBC}") = "PetFamily.Tests.VolunteerRequest.Domain", "src\tests\PetFamily.Tests.VolunteerRequest.Domain\PetFamily.Tests.VolunteerRequest.Domain.csproj", "{D44767A4-57CC-452B-9EEA-C80E8C0821FF}"
EndProject
Global
	GlobalSection(SolutionConfigurationPlatforms) = preSolution
		Debug|Any CPU = Debug|Any CPU
		Release|Any CPU = Release|Any CPU
	EndGlobalSection
	GlobalSection(ProjectConfigurationPlatforms) = postSolution
		{3E97EABA-7807-4C8B-9B4C-C1EA74CCF4B2}.Debug|Any CPU.ActiveCfg = Debug|Any CPU
		{3E97EABA-7807-4C8B-9B4C-C1EA74CCF4B2}.Debug|Any CPU.Build.0 = Debug|Any CPU
		{3E97EABA-7807-4C8B-9B4C-C1EA74CCF4B2}.Release|Any CPU.ActiveCfg = Release|Any CPU
		{3E97EABA-7807-4C8B-9B4C-C1EA74CCF4B2}.Release|Any CPU.Build.0 = Release|Any CPU
		{31F4987C-267B-4353-B85E-9171F730948B}.Debug|Any CPU.ActiveCfg = Debug|Any CPU
		{31F4987C-267B-4353-B85E-9171F730948B}.Debug|Any CPU.Build.0 = Debug|Any CPU
		{31F4987C-267B-4353-B85E-9171F730948B}.Release|Any CPU.ActiveCfg = Release|Any CPU
		{31F4987C-267B-4353-B85E-9171F730948B}.Release|Any CPU.Build.0 = Release|Any CPU
		{044A9C6D-750D-4D0E-8294-3B032BA79528}.Debug|Any CPU.ActiveCfg = Debug|Any CPU
		{044A9C6D-750D-4D0E-8294-3B032BA79528}.Debug|Any CPU.Build.0 = Debug|Any CPU
		{044A9C6D-750D-4D0E-8294-3B032BA79528}.Release|Any CPU.ActiveCfg = Release|Any CPU
		{044A9C6D-750D-4D0E-8294-3B032BA79528}.Release|Any CPU.Build.0 = Release|Any CPU
		{9956AB71-DA2A-487F-B5E1-6B8C252BEFB5}.Debug|Any CPU.ActiveCfg = Debug|Any CPU
		{9956AB71-DA2A-487F-B5E1-6B8C252BEFB5}.Debug|Any CPU.Build.0 = Debug|Any CPU
		{9956AB71-DA2A-487F-B5E1-6B8C252BEFB5}.Release|Any CPU.ActiveCfg = Release|Any CPU
		{9956AB71-DA2A-487F-B5E1-6B8C252BEFB5}.Release|Any CPU.Build.0 = Release|Any CPU
		{8A073093-863D-4B03-A84F-0C70C92D40F9}.Debug|Any CPU.ActiveCfg = Debug|Any CPU
		{8A073093-863D-4B03-A84F-0C70C92D40F9}.Debug|Any CPU.Build.0 = Debug|Any CPU
		{8A073093-863D-4B03-A84F-0C70C92D40F9}.Release|Any CPU.ActiveCfg = Release|Any CPU
		{8A073093-863D-4B03-A84F-0C70C92D40F9}.Release|Any CPU.Build.0 = Release|Any CPU
		{D51F9213-F3D2-43EB-96C8-2AA0D64474BB}.Debug|Any CPU.ActiveCfg = Debug|Any CPU
		{D51F9213-F3D2-43EB-96C8-2AA0D64474BB}.Debug|Any CPU.Build.0 = Debug|Any CPU
		{D51F9213-F3D2-43EB-96C8-2AA0D64474BB}.Release|Any CPU.ActiveCfg = Release|Any CPU
		{D51F9213-F3D2-43EB-96C8-2AA0D64474BB}.Release|Any CPU.Build.0 = Release|Any CPU
		{D0E6BA47-5553-4A47-A3FF-6969A95B3B41}.Debug|Any CPU.ActiveCfg = Debug|Any CPU
		{D0E6BA47-5553-4A47-A3FF-6969A95B3B41}.Debug|Any CPU.Build.0 = Debug|Any CPU
		{D0E6BA47-5553-4A47-A3FF-6969A95B3B41}.Release|Any CPU.ActiveCfg = Release|Any CPU
		{D0E6BA47-5553-4A47-A3FF-6969A95B3B41}.Release|Any CPU.Build.0 = Release|Any CPU
		{1463027F-BDEB-47D2-950F-0A0276804A85}.Debug|Any CPU.ActiveCfg = Debug|Any CPU
		{1463027F-BDEB-47D2-950F-0A0276804A85}.Debug|Any CPU.Build.0 = Debug|Any CPU
		{1463027F-BDEB-47D2-950F-0A0276804A85}.Release|Any CPU.ActiveCfg = Release|Any CPU
		{1463027F-BDEB-47D2-950F-0A0276804A85}.Release|Any CPU.Build.0 = Release|Any CPU
		{B2E81750-AD1F-4F4B-90C9-58D4C6B5806B}.Debug|Any CPU.ActiveCfg = Debug|Any CPU
		{B2E81750-AD1F-4F4B-90C9-58D4C6B5806B}.Debug|Any CPU.Build.0 = Debug|Any CPU
		{B2E81750-AD1F-4F4B-90C9-58D4C6B5806B}.Release|Any CPU.ActiveCfg = Release|Any CPU
		{B2E81750-AD1F-4F4B-90C9-58D4C6B5806B}.Release|Any CPU.Build.0 = Release|Any CPU
		{5AE461C1-8938-4759-88B0-EB9DA1933DC7}.Debug|Any CPU.ActiveCfg = Debug|Any CPU
		{5AE461C1-8938-4759-88B0-EB9DA1933DC7}.Debug|Any CPU.Build.0 = Debug|Any CPU
		{5AE461C1-8938-4759-88B0-EB9DA1933DC7}.Release|Any CPU.ActiveCfg = Release|Any CPU
		{5AE461C1-8938-4759-88B0-EB9DA1933DC7}.Release|Any CPU.Build.0 = Release|Any CPU
		{1405ADB3-5063-4A25-8D72-629EA0ED0951}.Debug|Any CPU.ActiveCfg = Debug|Any CPU
		{1405ADB3-5063-4A25-8D72-629EA0ED0951}.Debug|Any CPU.Build.0 = Debug|Any CPU
		{1405ADB3-5063-4A25-8D72-629EA0ED0951}.Release|Any CPU.ActiveCfg = Release|Any CPU
		{1405ADB3-5063-4A25-8D72-629EA0ED0951}.Release|Any CPU.Build.0 = Release|Any CPU
		{923F4540-F113-45F5-95BF-74F3FC8610A1}.Debug|Any CPU.ActiveCfg = Debug|Any CPU
		{923F4540-F113-45F5-95BF-74F3FC8610A1}.Debug|Any CPU.Build.0 = Debug|Any CPU
		{923F4540-F113-45F5-95BF-74F3FC8610A1}.Release|Any CPU.ActiveCfg = Release|Any CPU
		{923F4540-F113-45F5-95BF-74F3FC8610A1}.Release|Any CPU.Build.0 = Release|Any CPU
		{829F82F0-2ECE-4EC1-A9D8-227FDF5833D3}.Debug|Any CPU.ActiveCfg = Debug|Any CPU
		{829F82F0-2ECE-4EC1-A9D8-227FDF5833D3}.Debug|Any CPU.Build.0 = Debug|Any CPU
		{829F82F0-2ECE-4EC1-A9D8-227FDF5833D3}.Release|Any CPU.ActiveCfg = Release|Any CPU
		{829F82F0-2ECE-4EC1-A9D8-227FDF5833D3}.Release|Any CPU.Build.0 = Release|Any CPU
		{9FBCF521-489B-47E9-A462-6FDB3DB8BB11}.Debug|Any CPU.ActiveCfg = Debug|Any CPU
		{9FBCF521-489B-47E9-A462-6FDB3DB8BB11}.Debug|Any CPU.Build.0 = Debug|Any CPU
		{9FBCF521-489B-47E9-A462-6FDB3DB8BB11}.Release|Any CPU.ActiveCfg = Release|Any CPU
		{9FBCF521-489B-47E9-A462-6FDB3DB8BB11}.Release|Any CPU.Build.0 = Release|Any CPU
		{E9DBB439-7E5A-4300-B331-7014B8B585B4}.Debug|Any CPU.ActiveCfg = Debug|Any CPU
		{E9DBB439-7E5A-4300-B331-7014B8B585B4}.Debug|Any CPU.Build.0 = Debug|Any CPU
		{E9DBB439-7E5A-4300-B331-7014B8B585B4}.Release|Any CPU.ActiveCfg = Release|Any CPU
		{E9DBB439-7E5A-4300-B331-7014B8B585B4}.Release|Any CPU.Build.0 = Release|Any CPU
		{A715B9B0-8C46-46DF-A0EE-E2DFABBD7AF4}.Debug|Any CPU.ActiveCfg = Debug|Any CPU
		{A715B9B0-8C46-46DF-A0EE-E2DFABBD7AF4}.Debug|Any CPU.Build.0 = Debug|Any CPU
		{A715B9B0-8C46-46DF-A0EE-E2DFABBD7AF4}.Release|Any CPU.ActiveCfg = Release|Any CPU
		{A715B9B0-8C46-46DF-A0EE-E2DFABBD7AF4}.Release|Any CPU.Build.0 = Release|Any CPU
		{7A3E7851-CEB3-40DF-9F8C-F9ECEC45E53A}.Debug|Any CPU.ActiveCfg = Debug|Any CPU
		{7A3E7851-CEB3-40DF-9F8C-F9ECEC45E53A}.Debug|Any CPU.Build.0 = Debug|Any CPU
		{7A3E7851-CEB3-40DF-9F8C-F9ECEC45E53A}.Release|Any CPU.ActiveCfg = Release|Any CPU
		{7A3E7851-CEB3-40DF-9F8C-F9ECEC45E53A}.Release|Any CPU.Build.0 = Release|Any CPU
		{3B9AB529-CD64-4CCF-ACB3-4509D789A1F1}.Debug|Any CPU.ActiveCfg = Debug|Any CPU
		{3B9AB529-CD64-4CCF-ACB3-4509D789A1F1}.Debug|Any CPU.Build.0 = Debug|Any CPU
		{3B9AB529-CD64-4CCF-ACB3-4509D789A1F1}.Release|Any CPU.ActiveCfg = Release|Any CPU
		{3B9AB529-CD64-4CCF-ACB3-4509D789A1F1}.Release|Any CPU.Build.0 = Release|Any CPU
		{2FE6C1FF-5F54-47D7-B6D7-A29755E7F589}.Debug|Any CPU.ActiveCfg = Debug|Any CPU
		{2FE6C1FF-5F54-47D7-B6D7-A29755E7F589}.Debug|Any CPU.Build.0 = Debug|Any CPU
		{2FE6C1FF-5F54-47D7-B6D7-A29755E7F589}.Release|Any CPU.ActiveCfg = Release|Any CPU
		{2FE6C1FF-5F54-47D7-B6D7-A29755E7F589}.Release|Any CPU.Build.0 = Release|Any CPU
		{3174115E-6414-4E34-985E-E530C8815A2D}.Debug|Any CPU.ActiveCfg = Debug|Any CPU
		{3174115E-6414-4E34-985E-E530C8815A2D}.Debug|Any CPU.Build.0 = Debug|Any CPU
		{3174115E-6414-4E34-985E-E530C8815A2D}.Release|Any CPU.ActiveCfg = Release|Any CPU
		{3174115E-6414-4E34-985E-E530C8815A2D}.Release|Any CPU.Build.0 = Release|Any CPU
		{C7E73D4F-7945-4589-8A54-E44F25B7D71A}.Debug|Any CPU.ActiveCfg = Debug|Any CPU
		{C7E73D4F-7945-4589-8A54-E44F25B7D71A}.Debug|Any CPU.Build.0 = Debug|Any CPU
		{C7E73D4F-7945-4589-8A54-E44F25B7D71A}.Release|Any CPU.ActiveCfg = Release|Any CPU
		{C7E73D4F-7945-4589-8A54-E44F25B7D71A}.Release|Any CPU.Build.0 = Release|Any CPU
		{95CC936D-11CF-499C-BB92-01E01EFFDA51}.Debug|Any CPU.ActiveCfg = Debug|Any CPU
		{95CC936D-11CF-499C-BB92-01E01EFFDA51}.Debug|Any CPU.Build.0 = Debug|Any CPU
		{95CC936D-11CF-499C-BB92-01E01EFFDA51}.Release|Any CPU.ActiveCfg = Release|Any CPU
		{95CC936D-11CF-499C-BB92-01E01EFFDA51}.Release|Any CPU.Build.0 = Release|Any CPU
		{5DDB8342-7CED-43FA-A7DA-55651ABF3BDA}.Debug|Any CPU.ActiveCfg = Debug|Any CPU
		{5DDB8342-7CED-43FA-A7DA-55651ABF3BDA}.Debug|Any CPU.Build.0 = Debug|Any CPU
		{5DDB8342-7CED-43FA-A7DA-55651ABF3BDA}.Release|Any CPU.ActiveCfg = Release|Any CPU
		{5DDB8342-7CED-43FA-A7DA-55651ABF3BDA}.Release|Any CPU.Build.0 = Release|Any CPU
		{BD285922-B9AB-4256-AC62-BFC5435E88FF}.Debug|Any CPU.ActiveCfg = Debug|Any CPU
		{BD285922-B9AB-4256-AC62-BFC5435E88FF}.Debug|Any CPU.Build.0 = Debug|Any CPU
		{BD285922-B9AB-4256-AC62-BFC5435E88FF}.Release|Any CPU.ActiveCfg = Release|Any CPU
		{BD285922-B9AB-4256-AC62-BFC5435E88FF}.Release|Any CPU.Build.0 = Release|Any CPU
		{671E5457-F88F-4879-B3B3-519EC78658E8}.Debug|Any CPU.ActiveCfg = Debug|Any CPU
		{671E5457-F88F-4879-B3B3-519EC78658E8}.Debug|Any CPU.Build.0 = Debug|Any CPU
		{671E5457-F88F-4879-B3B3-519EC78658E8}.Release|Any CPU.ActiveCfg = Release|Any CPU
		{671E5457-F88F-4879-B3B3-519EC78658E8}.Release|Any CPU.Build.0 = Release|Any CPU
		{455AD4DB-3946-453E-BFD2-E9A627596150}.Debug|Any CPU.ActiveCfg = Debug|Any CPU
		{455AD4DB-3946-453E-BFD2-E9A627596150}.Debug|Any CPU.Build.0 = Debug|Any CPU
		{455AD4DB-3946-453E-BFD2-E9A627596150}.Release|Any CPU.ActiveCfg = Release|Any CPU
		{455AD4DB-3946-453E-BFD2-E9A627596150}.Release|Any CPU.Build.0 = Release|Any CPU
		{D44767A4-57CC-452B-9EEA-C80E8C0821FF}.Debug|Any CPU.ActiveCfg = Debug|Any CPU
		{D44767A4-57CC-452B-9EEA-C80E8C0821FF}.Debug|Any CPU.Build.0 = Debug|Any CPU
		{D44767A4-57CC-452B-9EEA-C80E8C0821FF}.Release|Any CPU.ActiveCfg = Release|Any CPU
		{D44767A4-57CC-452B-9EEA-C80E8C0821FF}.Release|Any CPU.Build.0 = Release|Any CPU
	EndGlobalSection
	GlobalSection(SolutionProperties) = preSolution
		HideSolutionNode = FALSE
	EndGlobalSection
	GlobalSection(ExtensibilityGlobals) = postSolution
		SolutionGuid = {16CC0980-D1D5-47EA-85E3-8352C640377F}
	EndGlobalSection
EndGlobal
