Microsoft Visual Studio Solution File, Format Version 12.00
# Visual Studio Version 17
VisualStudioVersion = 17.0.31903.59
MinimumVisualStudioVersion = 10.0.40219.1
Project("{9A19103F-16F7-4668-BE54-9A1E7A4F7556}") = "PetFamily.API", "src\PetFamily.API\PetFamily.API.csproj", "{3E97EABA-7807-4C8B-9B4C-C1EA74CCF4B2}"
EndProject
Project("{9A19103F-16F7-4668-BE54-9A1E7A4F7556}") = "PetFamily.Infrastructure", "src\PetFamily.Infrastructure\PetFamily.Infrastructure.csproj", "{3FC136B4-EE98-469F-A72A-54FCAAB9A338}"
EndProject
Project("{9A19103F-16F7-4668-BE54-9A1E7A4F7556}") = "PetFamily.Domain", "src\PetFamily.Domain\PetFamily.Domain.csproj", "{E699E4FC-7F81-47DE-B883-E7497A09473B}"
EndProject
Project("{2150E333-8FDC-42A3-9474-1A3956D46DE8}") = "Solution Items", "Solution Items", "{C82107D0-0B8C-40F1-9A45-3B1DF3D81469}"
	ProjectSection(SolutionItems) = preProject
		docker-compose.yml = docker-compose.yml
	EndProjectSection
EndProject
Project("{9A19103F-16F7-4668-BE54-9A1E7A4F7556}") = "PetFamily.Application", "src\PetFamily.Application\PetFamily.Application.csproj", "{29972C39-28B6-41A6-84A0-E13E71363C9F}"
EndProject
Project("{9A19103F-16F7-4668-BE54-9A1E7A4F7556}") = "PetFamily.Domain.Tests", "tests\PetFamily.Domain.Tests\PetFamily.Domain.Tests.csproj", "{51C7A014-4816-40B3-B286-F30ABBC29D29}"
EndProject
Project("{9A19103F-16F7-4668-BE54-9A1E7A4F7556}") = "PetFamily.Application.Tests", "PetFamily.Application.Tests\PetFamily.Application.Tests.csproj", "{B9FE9495-9864-413D-81EE-F503BCEA975B}"
EndProject
Project("{9A19103F-16F7-4668-BE54-9A1E7A4F7556}") = "PetFamily.Accounts.Domain", "src\Accounts\PetFamily.Accounts.Domain\PetFamily.Accounts.Domain.csproj", "{31F4987C-267B-4353-B85E-9171F730948B}"
EndProject
Project("{9A19103F-16F7-4668-BE54-9A1E7A4F7556}") = "PetFamily.Accounts.Application", "src\Accounts\PetFamily.Accounts.Application\PetFamily.Accounts.Application.csproj", "{044A9C6D-750D-4D0E-8294-3B032BA79528}"
EndProject
Project("{9A19103F-16F7-4668-BE54-9A1E7A4F7556}") = "PetFamily.Accounts.Infrastructure", "src\Accounts\PetFamily.Accounts.Infrastructure\PetFamily.Accounts.Infrastructure.csproj", "{9956AB71-DA2A-487F-B5E1-6B8C252BEFB5}"
EndProject
Project("{9A19103F-16F7-4668-BE54-9A1E7A4F7556}") = "PetFamily.Accounts.Presentation", "src\Accounts\PetFamily.Accounts.Presentation\PetFamily.Accounts.Presentation.csproj", "{8A073093-863D-4B03-A84F-0C70C92D40F9}"
EndProject
Project("{FAE04EC0-301F-11D3-BF4B-00C04F79EFBC}") = "PetFamily.Core", "src\Shared\PetFamily.Core\PetFamily.Core.csproj", "{D51F9213-F3D2-43EB-96C8-2AA0D64474BB}"
EndProject
Project("{FAE04EC0-301F-11D3-BF4B-00C04F79EFBC}") = "PetFamily.SharedKernel", "src\Shared\PetFamily.SharedKernel\PetFamily.SharedKernel.csproj", "{D0E6BA47-5553-4A47-A3FF-6969A95B3B41}"
EndProject
Project("{FAE04EC0-301F-11D3-BF4B-00C04F79EFBC}") = "PetFamily.Framework", "PetFamily.Framework\PetFamily.Framework.csproj", "{1463027F-BDEB-47D2-950F-0A0276804A85}"
EndProject
Global
	GlobalSection(SolutionConfigurationPlatforms) = preSolution
		Debug|Any CPU = Debug|Any CPU
		Release|Any CPU = Release|Any CPU
	EndGlobalSection
	GlobalSection(ProjectConfigurationPlatforms) = postSolution
		{3E97EABA-7807-4C8B-9B4C-C1EA74CCF4B2}.Debug|Any CPU.ActiveCfg = Debug|Any CPU
		{3E97EABA-7807-4C8B-9B4C-C1EA74CCF4B2}.Debug|Any CPU.Build.0 = Debug|Any CPU
		{3E97EABA-7807-4C8B-9B4C-C1EA74CCF4B2}.Release|Any CPU.ActiveCfg = Release|Any CPU
		{3E97EABA-7807-4C8B-9B4C-C1EA74CCF4B2}.Release|Any CPU.Build.0 = Release|Any CPU
		{3FC136B4-EE98-469F-A72A-54FCAAB9A338}.Debug|Any CPU.ActiveCfg = Debug|Any CPU
		{3FC136B4-EE98-469F-A72A-54FCAAB9A338}.Debug|Any CPU.Build.0 = Debug|Any CPU
		{3FC136B4-EE98-469F-A72A-54FCAAB9A338}.Release|Any CPU.ActiveCfg = Release|Any CPU
		{3FC136B4-EE98-469F-A72A-54FCAAB9A338}.Release|Any CPU.Build.0 = Release|Any CPU
		{E699E4FC-7F81-47DE-B883-E7497A09473B}.Debug|Any CPU.ActiveCfg = Debug|Any CPU
		{E699E4FC-7F81-47DE-B883-E7497A09473B}.Debug|Any CPU.Build.0 = Debug|Any CPU
		{E699E4FC-7F81-47DE-B883-E7497A09473B}.Release|Any CPU.ActiveCfg = Release|Any CPU
		{E699E4FC-7F81-47DE-B883-E7497A09473B}.Release|Any CPU.Build.0 = Release|Any CPU
		{29972C39-28B6-41A6-84A0-E13E71363C9F}.Debug|Any CPU.ActiveCfg = Debug|Any CPU
		{29972C39-28B6-41A6-84A0-E13E71363C9F}.Debug|Any CPU.Build.0 = Debug|Any CPU
		{29972C39-28B6-41A6-84A0-E13E71363C9F}.Release|Any CPU.ActiveCfg = Release|Any CPU
		{29972C39-28B6-41A6-84A0-E13E71363C9F}.Release|Any CPU.Build.0 = Release|Any CPU
		{51C7A014-4816-40B3-B286-F30ABBC29D29}.Debug|Any CPU.ActiveCfg = Debug|Any CPU
		{51C7A014-4816-40B3-B286-F30ABBC29D29}.Debug|Any CPU.Build.0 = Debug|Any CPU
		{51C7A014-4816-40B3-B286-F30ABBC29D29}.Release|Any CPU.ActiveCfg = Release|Any CPU
		{51C7A014-4816-40B3-B286-F30ABBC29D29}.Release|Any CPU.Build.0 = Release|Any CPU
		{B9FE9495-9864-413D-81EE-F503BCEA975B}.Debug|Any CPU.ActiveCfg = Debug|Any CPU
		{B9FE9495-9864-413D-81EE-F503BCEA975B}.Debug|Any CPU.Build.0 = Debug|Any CPU
		{B9FE9495-9864-413D-81EE-F503BCEA975B}.Release|Any CPU.ActiveCfg = Release|Any CPU
		{B9FE9495-9864-413D-81EE-F503BCEA975B}.Release|Any CPU.Build.0 = Release|Any CPU
		{31F4987C-267B-4353-B85E-9171F730948B}.Debug|Any CPU.ActiveCfg = Debug|Any CPU
		{31F4987C-267B-4353-B85E-9171F730948B}.Debug|Any CPU.Build.0 = Debug|Any CPU
		{31F4987C-267B-4353-B85E-9171F730948B}.Release|Any CPU.ActiveCfg = Release|Any CPU
		{31F4987C-267B-4353-B85E-9171F730948B}.Release|Any CPU.Build.0 = Release|Any CPU
		{044A9C6D-750D-4D0E-8294-3B032BA79528}.Debug|Any CPU.ActiveCfg = Debug|Any CPU
		{044A9C6D-750D-4D0E-8294-3B032BA79528}.Debug|Any CPU.Build.0 = Debug|Any CPU
		{044A9C6D-750D-4D0E-8294-3B032BA79528}.Release|Any CPU.ActiveCfg = Release|Any CPU
		{044A9C6D-750D-4D0E-8294-3B032BA79528}.Release|Any CPU.Build.0 = Release|Any CPU
		{9956AB71-DA2A-487F-B5E1-6B8C252BEFB5}.Debug|Any CPU.ActiveCfg = Debug|Any CPU
		{9956AB71-DA2A-487F-B5E1-6B8C252BEFB5}.Debug|Any CPU.Build.0 = Debug|Any CPU
		{9956AB71-DA2A-487F-B5E1-6B8C252BEFB5}.Release|Any CPU.ActiveCfg = Release|Any CPU
		{9956AB71-DA2A-487F-B5E1-6B8C252BEFB5}.Release|Any CPU.Build.0 = Release|Any CPU
		{8A073093-863D-4B03-A84F-0C70C92D40F9}.Debug|Any CPU.ActiveCfg = Debug|Any CPU
		{8A073093-863D-4B03-A84F-0C70C92D40F9}.Debug|Any CPU.Build.0 = Debug|Any CPU
		{8A073093-863D-4B03-A84F-0C70C92D40F9}.Release|Any CPU.ActiveCfg = Release|Any CPU
		{8A073093-863D-4B03-A84F-0C70C92D40F9}.Release|Any CPU.Build.0 = Release|Any CPU
		{D51F9213-F3D2-43EB-96C8-2AA0D64474BB}.Debug|Any CPU.ActiveCfg = Debug|Any CPU
		{D51F9213-F3D2-43EB-96C8-2AA0D64474BB}.Debug|Any CPU.Build.0 = Debug|Any CPU
		{D51F9213-F3D2-43EB-96C8-2AA0D64474BB}.Release|Any CPU.ActiveCfg = Release|Any CPU
		{D51F9213-F3D2-43EB-96C8-2AA0D64474BB}.Release|Any CPU.Build.0 = Release|Any CPU
		{D0E6BA47-5553-4A47-A3FF-6969A95B3B41}.Debug|Any CPU.ActiveCfg = Debug|Any CPU
		{D0E6BA47-5553-4A47-A3FF-6969A95B3B41}.Debug|Any CPU.Build.0 = Debug|Any CPU
		{D0E6BA47-5553-4A47-A3FF-6969A95B3B41}.Release|Any CPU.ActiveCfg = Release|Any CPU
		{D0E6BA47-5553-4A47-A3FF-6969A95B3B41}.Release|Any CPU.Build.0 = Release|Any CPU
		{1463027F-BDEB-47D2-950F-0A0276804A85}.Debug|Any CPU.ActiveCfg = Debug|Any CPU
		{1463027F-BDEB-47D2-950F-0A0276804A85}.Debug|Any CPU.Build.0 = Debug|Any CPU
		{1463027F-BDEB-47D2-950F-0A0276804A85}.Release|Any CPU.ActiveCfg = Release|Any CPU
		{1463027F-BDEB-47D2-950F-0A0276804A85}.Release|Any CPU.Build.0 = Release|Any CPU
	EndGlobalSection
	GlobalSection(SolutionProperties) = preSolution
		HideSolutionNode = FALSE
	EndGlobalSection
	GlobalSection(ExtensibilityGlobals) = postSolution
		SolutionGuid = {16CC0980-D1D5-47EA-85E3-8352C640377F}
	EndGlobalSection
EndGlobal
